// !$*UTF8*$!
{
	archiveVersion = 1;
	classes = {
	};
	objectVersion = 46;
	objects = {

/* Begin PBXBuildFile section */
		44024E3919C0D7C8000AC66E /* TextArrow.m in Sources */ = {isa = PBXBuildFile; fileRef = 44024E3819C0D7C8000AC66E /* TextArrow.m */; };
		440CF80B1A0327FD000296ED /* BEMCircle.m in Sources */ = {isa = PBXBuildFile; fileRef = 440CF8061A0327FD000296ED /* BEMCircle.m */; };
		440CF80C1A0327FD000296ED /* BEMLine.m in Sources */ = {isa = PBXBuildFile; fileRef = 440CF8081A0327FD000296ED /* BEMLine.m */; };
		440CF80D1A0327FD000296ED /* BEMSimpleLineGraphView.m in Sources */ = {isa = PBXBuildFile; fileRef = 440CF80A1A0327FD000296ED /* BEMSimpleLineGraphView.m */; };
		440E489D19E064CE00EA7D0C /* LevelProgressView.m in Sources */ = {isa = PBXBuildFile; fileRef = 440E489C19E064CE00EA7D0C /* LevelProgressView.m */; };
		443CA72D19C0B171003BACD8 /* AVFoundation.framework in Frameworks */ = {isa = PBXBuildFile; fileRef = 443CA72C19C0B171003BACD8 /* AVFoundation.framework */; };
		443CA73219C0C013003BACD8 /* AudioToolbox.framework in Frameworks */ = {isa = PBXBuildFile; fileRef = 70C2EB5F1475F07400751AE8 /* AudioToolbox.framework */; };
		4470939419EDA48100F6D53C /* Images.xcassets in Resources */ = {isa = PBXBuildFile; fileRef = 4470939319EDA48100F6D53C /* Images.xcassets */; };
		4470939619EDC41E00F6D53C /* GameKit.framework in Frameworks */ = {isa = PBXBuildFile; fileRef = 4470939519EDC41E00F6D53C /* GameKit.framework */; settings = {ATTRIBUTES = (Weak, ); }; };
		4480EB8519F3689D007236F7 /* MainStoryboard.storyboard in Resources */ = {isa = PBXBuildFile; fileRef = 4480EB8319F3689D007236F7 /* MainStoryboard.storyboard */; };
		44866B4819B78B500084652A /* QuartzCore.framework in Frameworks */ = {isa = PBXBuildFile; fileRef = 44866B4719B78B500084652A /* QuartzCore.framework */; };
		448E78B319B936C100BF902A /* InfoPlist.strings in Resources */ = {isa = PBXBuildFile; fileRef = 448E789D19B936C000BF902A /* InfoPlist.strings */; };
		448E78B519B936C100BF902A /* AppDelegate.m in Sources */ = {isa = PBXBuildFile; fileRef = 448E78A219B936C000BF902A /* AppDelegate.m */; };
		448E78B719B936C100BF902A /* Default-568h@2x.png in Resources */ = {isa = PBXBuildFile; fileRef = 448E78A419B936C000BF902A /* Default-568h@2x.png */; };
		448E78B819B936C100BF902A /* Default@2x.png in Resources */ = {isa = PBXBuildFile; fileRef = 448E78A519B936C000BF902A /* Default@2x.png */; };
		448E78B919B936C100BF902A /* Default.png in Resources */ = {isa = PBXBuildFile; fileRef = 448E78A619B936C000BF902A /* Default.png */; };
		448E78BD19B936C100BF902A /* main.m in Sources */ = {isa = PBXBuildFile; fileRef = 448E78B019B936C100BF902A /* main.m */; };
		44AA100119C4AA0100000001 /* PrivacyInfo.xcprivacy in Resources */ = {isa = PBXBuildFile; fileRef = 44AA100019C4AA0100000000 /* PrivacyInfo.xcprivacy */; };
		44C2C9FA19C9E330005ACEB7 /* Level.m in Sources */ = {isa = PBXBuildFile; fileRef = 44C2C9F919C9E330005ACEB7 /* Level.m */; };
		44C2E02E19BE52D3009CFF88 /* Dots.m in Sources */ = {isa = PBXBuildFile; fileRef = 44C2E02D19BE52D3009CFF88 /* Dots.m */; };
		44E751CA1A119E3600E5C14D /* MachTimer.m in Sources */ = {isa = PBXBuildFile; fileRef = 44E751C91A119E3600E5C14D /* MachTimer.m */; };
		44F972CA19BE9E310094FCF4 /* ViewController.m in Sources */ = {isa = PBXBuildFile; fileRef = 44F972C919BE9E310094FCF4 /* ViewController.m */; };
		44FC471C1A0053D000DC7A52 /* BFPaperButton.m in Sources */ = {isa = PBXBuildFile; fileRef = 44FC471B1A0053D000DC7A52 /* BFPaperButton.m */; };
		44FC47201A0054AA00DC7A52 /* UIColor+BFPaperColors.m in Sources */ = {isa = PBXBuildFile; fileRef = 44FC471F1A0054AA00DC7A52 /* UIColor+BFPaperColors.m */; };
		70C2EB411475EF4F00751AE8 /* UIKit.framework in Frameworks */ = {isa = PBXBuildFile; fileRef = 70C2EB401475EF4F00751AE8 /* UIKit.framework */; };
		70C2EB431475EF4F00751AE8 /* Foundation.framework in Frameworks */ = {isa = PBXBuildFile; fileRef = 70C2EB421475EF4F00751AE8 /* Foundation.framework */; };
		70C2EB451475EF4F00751AE8 /* CoreGraphics.framework in Frameworks */ = {isa = PBXBuildFile; fileRef = 70C2EB441475EF4F00751AE8 /* CoreGraphics.framework */; };
		44AA100419C4AA0100000004 /* VolumeTrigger.m in Sources */ = {isa = PBXBuildFile; fileRef = 44AA100319C4AA0100000003 /* VolumeTrigger.m */; };
		44AA100619C4AA0100000006 /* MediaPlayer.framework in Frameworks */ = {isa = PBXBuildFile; fileRef = 44AA100519C4AA0100000005 /* MediaPlayer.framework */; };
/* End PBXBuildFile section */

/* Begin PBXFileReference section */
		44024E3719C0D7C8000AC66E /* TextArrow.h */ = {isa = PBXFileReference; fileEncoding = 4; lastKnownFileType = sourcecode.c.h; path = TextArrow.h; sourceTree = "<group>"; };
		44024E3819C0D7C8000AC66E /* TextArrow.m */ = {isa = PBXFileReference; fileEncoding = 4; lastKnownFileType = sourcecode.c.objc; path = TextArrow.m; sourceTree = "<group>"; };
		440CF8051A0327FD000296ED /* BEMCircle.h */ = {isa = PBXFileReference; fileEncoding = 4; lastKnownFileType = sourcecode.c.h; path = BEMCircle.h; sourceTree = "<group>"; };
		440CF8061A0327FD000296ED /* BEMCircle.m */ = {isa = PBXFileReference; fileEncoding = 4; lastKnownFileType = sourcecode.c.objc; path = BEMCircle.m; sourceTree = "<group>"; };
		440CF8071A0327FD000296ED /* BEMLine.h */ = {isa = PBXFileReference; fileEncoding = 4; lastKnownFileType = sourcecode.c.h; path = BEMLine.h; sourceTree = "<group>"; };
		440CF8081A0327FD000296ED /* BEMLine.m */ = {isa = PBXFileReference; fileEncoding = 4; lastKnownFileType = sourcecode.c.objc; path = BEMLine.m; sourceTree = "<group>"; };
		440CF8091A0327FD000296ED /* BEMSimpleLineGraphView.h */ = {isa = PBXFileReference; fileEncoding = 4; lastKnownFileType = sourcecode.c.h; path = BEMSimpleLineGraphView.h; sourceTree = "<group>"; };
		440CF80A1A0327FD000296ED /* BEMSimpleLineGraphView.m */ = {isa = PBXFileReference; fileEncoding = 4; lastKnownFileType = sourcecode.c.objc; path = BEMSimpleLineGraphView.m; sourceTree = "<group>"; };
		440E489B19E064CE00EA7D0C /* LevelProgressView.h */ = {isa = PBXFileReference; fileEncoding = 4; lastKnownFileType = sourcecode.c.h; path = LevelProgressView.h; sourceTree = "<group>"; };
		440E489C19E064CE00EA7D0C /* LevelProgressView.m */ = {isa = PBXFileReference; fileEncoding = 4; lastKnownFileType = sourcecode.c.objc; path = LevelProgressView.m; sourceTree = "<group>"; };
		443CA72C19C0B171003BACD8 /* AVFoundation.framework */ = {isa = PBXFileReference; lastKnownFileType = wrapper.framework; name = AVFoundation.framework; path = System/Library/Frameworks/AVFoundation.framework; sourceTree = SDKROOT; };
		4470939119ED940100F6D53C /* Tempra-Info.plist */ = {isa = PBXFileReference; fileEncoding = 4; lastKnownFileType = text.plist.xml; path = "Tempra-Info.plist"; sourceTree = "<group>"; };
		4470939319EDA48100F6D53C /* Images.xcassets */ = {isa = PBXFileReference; lastKnownFileType = folder.assetcatalog; path = Images.xcassets; sourceTree = "<group>"; };
		4470939519EDC41E00F6D53C /* GameKit.framework */ = {isa = PBXFileReference; lastKnownFileType = wrapper.framework; name = GameKit.framework; path = System/Library/Frameworks/GameKit.framework; sourceTree = SDKROOT; };
		4480EB8419F3689D007236F7 /* en */ = {isa = PBXFileReference; lastKnownFileType = file.storyboard; name = en; path = MainStoryboard.storyboard; sourceTree = "<group>"; };
		44866B4719B78B500084652A /* QuartzCore.framework */ = {isa = PBXFileReference; lastKnownFileType = wrapper.framework; name = QuartzCore.framework; path = System/Library/Frameworks/QuartzCore.framework; sourceTree = SDKROOT; };
		448E789E19B936C000BF902A /* en */ = {isa = PBXFileReference; lastKnownFileType = text.plist.strings; name = en; path = InfoPlist.strings; sourceTree = "<group>"; };
		448E78A219B936C000BF902A /* AppDelegate.m */ = {isa = PBXFileReference; fileEncoding = 4; lastKnownFileType = sourcecode.c.objc; name = AppDelegate.m; path = Tempra/AppDelegate.m; sourceTree = SOURCE_ROOT; };
		448E78A419B936C000BF902A /* Default-568h@2x.png */ = {isa = PBXFileReference; lastKnownFileType = image.png; name = "Default-568h@2x.png"; path = "Tempra/Default-568h@2x.png"; sourceTree = SOURCE_ROOT; };
		448E78A519B936C000BF902A /* Default@2x.png */ = {isa = PBXFileReference; lastKnownFileType = image.png; name = "Default@2x.png"; path = "Tempra/Default@2x.png"; sourceTree = SOURCE_ROOT; };
		448E78A619B936C000BF902A /* Default.png */ = {isa = PBXFileReference; lastKnownFileType = image.png; name = Default.png; path = Tempra/Default.png; sourceTree = SOURCE_ROOT; };
		448E78AF19B936C100BF902A /* AppDelegate.h */ = {isa = PBXFileReference; fileEncoding = 4; lastKnownFileType = sourcecode.c.h; name = AppDelegate.h; path = Tempra/AppDelegate.h; sourceTree = SOURCE_ROOT; };
		448E78B019B936C100BF902A /* main.m */ = {isa = PBXFileReference; fileEncoding = 4; lastKnownFileType = sourcecode.c.objc; name = main.m; path = Tempra/main.m; sourceTree = SOURCE_ROOT; };
		44AA100019C4AA0100000000 /* PrivacyInfo.xcprivacy */ = {isa = PBXFileReference; lastKnownFileType = text.xml; path = PrivacyInfo.xcprivacy; sourceTree = "<group>"; };
		44C2C9F819C9E330005ACEB7 /* Level.h */ = {isa = PBXFileReference; fileEncoding = 4; lastKnownFileType = sourcecode.c.h; path = Level.h; sourceTree = "<group>"; };
		44C2C9F919C9E330005ACEB7 /* Level.m */ = {isa = PBXFileReference; fileEncoding = 4; lastKnownFileType = sourcecode.c.objc; path = Level.m; sourceTree = "<group>"; };
		44C2E02C19BE52D3009CFF88 /* Dots.h */ = {isa = PBXFileReference; fileEncoding = 4; lastKnownFileType = sourcecode.c.h; path = Dots.h; sourceTree = "<group>"; };
		44C2E02D19BE52D3009CFF88 /* Dots.m */ = {isa = PBXFileReference; fileEncoding = 4; lastKnownFileType = sourcecode.c.objc; path = Dots.m; sourceTree = "<group>"; };
		44E751C81A119E3600E5C14D /* MachTimer.h */ = {isa = PBXFileReference; fileEncoding = 4; lastKnownFileType = sourcecode.c.h; path = MachTimer.h; sourceTree = "<group>"; };
		44E751C91A119E3600E5C14D /* MachTimer.m */ = {isa = PBXFileReference; fileEncoding = 4; lastKnownFileType = sourcecode.c.objc; path = MachTimer.m; sourceTree = "<group>"; };
		44F77D3A19ECCC3B005DB2C8 /* Tempra-Prefix.pch */ = {isa = PBXFileReference; lastKnownFileType = sourcecode.c.h; path = "Tempra-Prefix.pch"; sourceTree = "<group>"; };
		44F972C819BE9E310094FCF4 /* ViewController.h */ = {isa = PBXFileReference; fileEncoding = 4; lastKnownFileType = sourcecode.c.h; path = ViewController.h; sourceTree = "<group>"; };
		44F972C919BE9E310094FCF4 /* ViewController.m */ = {isa = PBXFileReference; fileEncoding = 4; lastKnownFileType = sourcecode.c.objc; path = ViewController.m; sourceTree = "<group>"; };
		44FC471A1A0053D000DC7A52 /* BFPaperButton.h */ = {isa = PBXFileReference; fileEncoding = 4; lastKnownFileType = sourcecode.c.h; path = BFPaperButton.h; sourceTree = "<group>"; };
		44FC471B1A0053D000DC7A52 /* BFPaperButton.m */ = {isa = PBXFileReference; fileEncoding = 4; lastKnownFileType = sourcecode.c.objc; path = BFPaperButton.m; sourceTree = "<group>"; };
		44FC471E1A0054AA00DC7A52 /* UIColor+BFPaperColors.h */ = {isa = PBXFileReference; fileEncoding = 4; lastKnownFileType = sourcecode.c.h; path = "UIColor+BFPaperColors.h"; sourceTree = "<group>"; };
		44FC471F1A0054AA00DC7A52 /* UIColor+BFPaperColors.m */ = {isa = PBXFileReference; fileEncoding = 4; lastKnownFileType = sourcecode.c.objc; path = "UIColor+BFPaperColors.m"; sourceTree = "<group>"; };
		70C2EB3C1475EF4F00751AE8 /* Tempra.app */ = {isa = PBXFileReference; explicitFileType = wrapper.application; includeInIndex = 0; path = Tempra.app; sourceTree = BUILT_PRODUCTS_DIR; };
		70C2EB401475EF4F00751AE8 /* UIKit.framework */ = {isa = PBXFileReference; lastKnownFileType = wrapper.framework; name = UIKit.framework; path = System/Library/Frameworks/UIKit.framework; sourceTree = SDKROOT; };
		70C2EB421475EF4F00751AE8 /* Foundation.framework */ = {isa = PBXFileReference; lastKnownFileType = wrapper.framework; name = Foundation.framework; path = System/Library/Frameworks/Foundation.framework; sourceTree = SDKROOT; };
		70C2EB441475EF4F00751AE8 /* CoreGraphics.framework */ = {isa = PBXFileReference; lastKnownFileType = wrapper.framework; name = CoreGraphics.framework; path = System/Library/Frameworks/CoreGraphics.framework; sourceTree = SDKROOT; };
		70C2EB5D1475F03B00751AE8 /* CoreAudio.framework */ = {isa = PBXFileReference; lastKnownFileType = wrapper.framework; name = CoreAudio.framework; path = System/Library/Frameworks/CoreAudio.framework; sourceTree = SDKROOT; };
		70C2EB5F1475F07400751AE8 /* AudioToolbox.framework */ = {isa = PBXFileReference; lastKnownFileType = wrapper.framework; name = AudioToolbox.framework; path = System/Library/Frameworks/AudioToolbox.framework; sourceTree = SDKROOT; };
		44AA100219C4AA0100000002 /* VolumeTrigger.h */ = {isa = PBXFileReference; fileEncoding = 4; lastKnownFileType = sourcecode.c.h; path = VolumeTrigger.h; sourceTree = "<group>"; };
		44AA100319C4AA0100000003 /* VolumeTrigger.m */ = {isa = PBXFileReference; fileEncoding = 4; lastKnownFileType = sourcecode.c.objc; path = VolumeTrigger.m; sourceTree = "<group>"; };
		44AA100519C4AA0100000005 /* MediaPlayer.framework */ = {isa = PBXFileReference; lastKnownFileType = wrapper.framework; name = MediaPlayer.framework; path = System/Library/Frameworks/MediaPlayer.framework; sourceTree = SDKROOT; };
/* End PBXFileReference section */

/* Begin PBXFrameworksBuildPhase section */
		70C2EB391475EF4F00751AE8 /* Frameworks */ = {
			isa = PBXFrameworksBuildPhase;
			buildActionMask = 2147483647;
			files = (
				4470939619EDC41E00F6D53C /* GameKit.framework in Frameworks */,
				44AA100619C4AA0100000006 /* MediaPlayer.framework in Frameworks */,
				443CA73219C0C013003BACD8 /* AudioToolbox.framework in Frameworks */,
				443CA72D19C0B171003BACD8 /* AVFoundation.framework in Frameworks */,
				44866B4819B78B500084652A /* QuartzCore.framework in Frameworks */,
				70C2EB411475EF4F00751AE8 /* UIKit.framework in Frameworks */,
				70C2EB431475EF4F00751AE8 /* Foundation.framework in Frameworks */,
				70C2EB451475EF4F00751AE8 /* CoreGraphics.framework in Frameworks */,
			);
			runOnlyForDeploymentPostprocessing = 0;
		};
/* End PBXFrameworksBuildPhase section */

/* Begin PBXGroup section */
		440CF8041A0327FD000296ED /* BEM */ = {
			isa = PBXGroup;
			children = (
				440CF8051A0327FD000296ED /* BEMCircle.h */,
				440CF8061A0327FD000296ED /* BEMCircle.m */,
				440CF8071A0327FD000296ED /* BEMLine.h */,
				440CF8081A0327FD000296ED /* BEMLine.m */,
				440CF8091A0327FD000296ED /* BEMSimpleLineGraphView.h */,
				440CF80A1A0327FD000296ED /* BEMSimpleLineGraphView.m */,
			);
			path = BEM;
			sourceTree = "<group>";
		};
		448E789C19B936C000BF902A /* en.lproj */ = {
			isa = PBXGroup;
			children = (
				4480EB8319F3689D007236F7 /* MainStoryboard.storyboard */,
				448E789D19B936C000BF902A /* InfoPlist.strings */,
			);
			name = en.lproj;
			path = Tempra/en.lproj;
			sourceTree = SOURCE_ROOT;
		};
		44FC471D1A0054AA00DC7A52 /* UIColor+BFPaperColors */ = {
			isa = PBXGroup;
			children = (
				44FC471E1A0054AA00DC7A52 /* UIColor+BFPaperColors.h */,
				44FC471F1A0054AA00DC7A52 /* UIColor+BFPaperColors.m */,
			);
			path = "UIColor+BFPaperColors";
			sourceTree = "<group>";
		};
		44FC47211A00563000DC7A52 /* BFPaperButton */ = {
			isa = PBXGroup;
			children = (
				44FC471A1A0053D000DC7A52 /* BFPaperButton.h */,
				44FC471B1A0053D000DC7A52 /* BFPaperButton.m */,
				44FC471D1A0054AA00DC7A52 /* UIColor+BFPaperColors */,
			);
			name = BFPaperButton;
			sourceTree = "<group>";
		};
		70C2EB311475EF4F00751AE8 = {
			isa = PBXGroup;
			children = (
				70C2EB461475EF4F00751AE8 /* Tempra */,
				70C2EB3F1475EF4F00751AE8 /* Frameworks */,
				70C2EB3D1475EF4F00751AE8 /* Products */,
			);
			sourceTree = "<group>";
		};
		70C2EB3D1475EF4F00751AE8 /* Products */ = {
			isa = PBXGroup;
			children = (
				70C2EB3C1475EF4F00751AE8 /* Tempra.app */,
			);
			name = Products;
			sourceTree = "<group>";
		};
		70C2EB3F1475EF4F00751AE8 /* Frameworks */ = {
			isa = PBXGroup;
			children = (
				4470939519EDC41E00F6D53C /* GameKit.framework */,
				443CA72C19C0B171003BACD8 /* AVFoundation.framework */,
				44866B4719B78B500084652A /* QuartzCore.framework */,
				70C2EB5F1475F07400751AE8 /* AudioToolbox.framework */,
				70C2EB5D1475F03B00751AE8 /* CoreAudio.framework */,
				70C2EB401475EF4F00751AE8 /* UIKit.framework */,
				70C2EB421475EF4F00751AE8 /* Foundation.framework */,
				70C2EB441475EF4F00751AE8 /* CoreGraphics.framework */,
			);
			name = Frameworks;
			sourceTree = "<group>";
		};
		70C2EB461475EF4F00751AE8 /* Tempra */ = {
			isa = PBXGroup;
			children = (
				44FC47211A00563000DC7A52 /* BFPaperButton */,
				440CF8041A0327FD000296ED /* BEM */,
				44E751C81A119E3600E5C14D /* MachTimer.h */,
				44E751C91A119E3600E5C14D /* MachTimer.m */,
				44F972C819BE9E310094FCF4 /* ViewController.h */,
				44F972C919BE9E310094FCF4 /* ViewController.m */,
				440E489B19E064CE00EA7D0C /* LevelProgressView.h */,
				440E489C19E064CE00EA7D0C /* LevelProgressView.m */,
				44C2E02C19BE52D3009CFF88 /* Dots.h */,
				44C2E02D19BE52D3009CFF88 /* Dots.m */,
				44C2C9F819C9E330005ACEB7 /* Level.h */,
				44C2C9F919C9E330005ACEB7 /* Level.m */,
				44024E3719C0D7C8000AC66E /* TextArrow.h */,
				44024E3819C0D7C8000AC66E /* TextArrow.m */,
				448E78B019B936C100BF902A /* main.m */,
				448E78AF19B936C100BF902A /* AppDelegate.h */,
				448E78A219B936C000BF902A /* AppDelegate.m */,
				44AA100219C4AA0100000002 /* VolumeTrigger.h */,
				44AA100319C4AA0100000003 /* VolumeTrigger.m */,
				4470939119ED940100F6D53C /* Tempra-Info.plist */,
				44AA100019C4AA0100000000 /* PrivacyInfo.xcprivacy */,
				44F77D3A19ECCC3B005DB2C8 /* Tempra-Prefix.pch */,
				4470939319EDA48100F6D53C /* Images.xcassets */,
				448E789C19B936C000BF902A /* en.lproj */,
				448E78A419B936C000BF902A /* Default-568h@2x.png */,
				448E78A519B936C000BF902A /* Default@2x.png */,
				448E78A619B936C000BF902A /* Default.png */,
			);
			path = Tempra;
			sourceTree = SOURCE_ROOT;
		};
/* End PBXGroup section */

/* Begin PBXNativeTarget section */
		70C2EB3B1475EF4F00751AE8 /* Tempra */ = {
			isa = PBXNativeTarget;
			buildConfigurationList = 70C2EB5A1475EF4F00751AE8 /* Build configuration list for PBXNativeTarget "Tempra" */;
			buildPhases = (
				70C2EB381475EF4F00751AE8 /* Sources */,
				70C2EB391475EF4F00751AE8 /* Frameworks */,
				70C2EB3A1475EF4F00751AE8 /* Resources */,
			);
			buildRules = (
			);
			dependencies = (
			);
			name = Tempra;
			productName = VolumeSnap;
			productReference = 70C2EB3C1475EF4F00751AE8 /* Tempra.app */;
			productType = "com.apple.product-type.application";
		};
/* End PBXNativeTarget section */

/* Begin PBXProject section */
		70C2EB331475EF4F00751AE8 /* Project object */ = {
			isa = PBXProject;
			attributes = {
				LastUpgradeCheck = 0610;
				TargetAttributes = {
					70C2EB3B1475EF4F00751AE8 = {
						DevelopmentTeam = L6DVQR8JB9;
						SystemCapabilities = {
							com.apple.GameCenter = {
								enabled = 1;
							};
							com.apple.InAppPurchase = {
								enabled = 0;
							};
						};
					};
				};
			};
			buildConfigurationList = 70C2EB361475EF4F00751AE8 /* Build configuration list for PBXProject "Tempra" */;
			compatibilityVersion = "Xcode 3.2";
			developmentRegion = English;
			hasScannedForEncodings = 0;
			knownRegions = (
				en,
			);
			mainGroup = 70C2EB311475EF4F00751AE8;
			productRefGroup = 70C2EB3D1475EF4F00751AE8 /* Products */;
			projectDirPath = "";
			projectRoot = "";
			targets = (
				70C2EB3B1475EF4F00751AE8 /* Tempra */,
			);
		};
/* End PBXProject section */

/* Begin PBXResourcesBuildPhase section */
		70C2EB3A1475EF4F00751AE8 /* Resources */ = {
			isa = PBXResourcesBuildPhase;
			buildActionMask = 2147483647;
			files = (
				448E78B919B936C100BF902A /* Default.png in Resources */,
				4470939419EDA48100F6D53C /* Images.xcassets in Resources */,
				4480EB8519F3689D007236F7 /* MainStoryboard.storyboard in Resources */,
				448E78B719B936C100BF902A /* Default-568h@2x.png in Resources */,
				448E78B819B936C100BF902A /* Default@2x.png in Resources */,
				448E78B319B936C100BF902A /* InfoPlist.strings in Resources */,
				44AA100119C4AA0100000001 /* PrivacyInfo.xcprivacy in Resources */,
			);
			runOnlyForDeploymentPostprocessing = 0;
		};
/* End PBXResourcesBuildPhase section */

/* Begin PBXSourcesBuildPhase section */
		70C2EB381475EF4F00751AE8 /* Sources */ = {
			isa = PBXSourcesBuildPhase;
			buildActionMask = 2147483647;
			files = (
				44E751CA1A119E3600E5C14D /* MachTimer.m in Sources */,
				44AA100419C4AA0100000004 /* VolumeTrigger.m in Sources */,
				440E489D19E064CE00EA7D0C /* LevelProgressView.m in Sources */,
				44C2C9FA19C9E330005ACEB7 /* Level.m in Sources */,
				440CF80D1A0327FD000296ED /* BEMSimpleLineGraphView.m in Sources */,
				44F972CA19BE9E310094FCF4 /* ViewController.m in Sources */,
				440CF80C1A0327FD000296ED /* BEMLine.m in Sources */,
				448E78BD19B936C100BF902A /* main.m in Sources */,
				440CF80B1A0327FD000296ED /* BEMCircle.m in Sources */,
				44FC471C1A0053D000DC7A52 /* BFPaperButton.m in Sources */,
				44FC47201A0054AA00DC7A52 /* UIColor+BFPaperColors.m in Sources */,
				44024E3919C0D7C8000AC66E /* TextArrow.m in Sources */,
				44C2E02E19BE52D3009CFF88 /* Dots.m in Sources */,
				448E78B519B936C100BF902A /* AppDelegate.m in Sources */,
			);
			runOnlyForDeploymentPostprocessing = 0;
		};
/* End PBXSourcesBuildPhase section */

/* Begin PBXVariantGroup section */
		4480EB8319F3689D007236F7 /* MainStoryboard.storyboard */ = {
			isa = PBXVariantGroup;
			children = (
				4480EB8419F3689D007236F7 /* en */,
			);
			name = MainStoryboard.storyboard;
			sourceTree = "<group>";
		};
		448E789D19B936C000BF902A /* InfoPlist.strings */ = {
			isa = PBXVariantGroup;
			children = (
				448E789E19B936C000BF902A /* en */,
			);
			name = InfoPlist.strings;
			sourceTree = "<group>";
		};
/* End PBXVariantGroup section */

/* Begin XCBuildConfiguration section */
		70C2EB581475EF4F00751AE8 /* Debug */ = {
			isa = XCBuildConfiguration;
			buildSettings = {
				ALWAYS_SEARCH_USER_PATHS = NO;
				CLANG_WARN_BOOL_CONVERSION = YES;
				CLANG_WARN_CONSTANT_CONVERSION = YES;
				CLANG_WARN_EMPTY_BODY = YES;
				CLANG_WARN_ENUM_CONVERSION = YES;
				CLANG_WARN_INT_CONVERSION = YES;
				CLANG_WARN_UNREACHABLE_CODE = YES;
				CLANG_WARN__DUPLICATE_METHOD_MATCH = YES;
				COPY_PHASE_STRIP = NO;
				ENABLE_STRICT_OBJC_MSGSEND = YES;
				GCC_C_LANGUAGE_STANDARD = gnu99;
				GCC_DYNAMIC_NO_PIC = NO;
				GCC_OPTIMIZATION_LEVEL = 0;
				GCC_PREPROCESSOR_DEFINITIONS = (
					"DEBUG=1",
					"$(inherited)",
				);
				GCC_SYMBOLS_PRIVATE_EXTERN = NO;
				GCC_VERSION = com.apple.compilers.llvm.clang.1_0;
				GCC_WARN_64_TO_32_BIT_CONVERSION = YES;
				GCC_WARN_ABOUT_MISSING_PROTOTYPES = YES;
				GCC_WARN_ABOUT_RETURN_TYPE = YES;
				GCC_WARN_UNDECLARED_SELECTOR = YES;
				GCC_WARN_UNINITIALIZED_AUTOS = YES;
				GCC_WARN_UNUSED_FUNCTION = YES;
				GCC_WARN_UNUSED_VARIABLE = YES;
				IPHONEOS_DEPLOYMENT_TARGET = 15.0;
				ONLY_ACTIVE_ARCH = YES;
				SDKROOT = iphoneos;
			};
			name = Debug;
		};
		70C2EB591475EF4F00751AE8 /* Release */ = {
			isa = XCBuildConfiguration;
			buildSettings = {
				ALWAYS_SEARCH_USER_PATHS = NO;
				CLANG_WARN_BOOL_CONVERSION = YES;
				CLANG_WARN_CONSTANT_CONVERSION = YES;
				CLANG_WARN_EMPTY_BODY = YES;
				CLANG_WARN_ENUM_CONVERSION = YES;
				CLANG_WARN_INT_CONVERSION = YES;
				CLANG_WARN_UNREACHABLE_CODE = YES;
				CLANG_WARN__DUPLICATE_METHOD_MATCH = YES;
				COPY_PHASE_STRIP = YES;
				ENABLE_STRICT_OBJC_MSGSEND = YES;
				GCC_C_LANGUAGE_STANDARD = gnu99;
				GCC_VERSION = com.apple.compilers.llvm.clang.1_0;
				GCC_WARN_64_TO_32_BIT_CONVERSION = YES;
				GCC_WARN_ABOUT_MISSING_PROTOTYPES = YES;
				GCC_WARN_ABOUT_RETURN_TYPE = YES;
				GCC_WARN_UNDECLARED_SELECTOR = YES;
				GCC_WARN_UNINITIALIZED_AUTOS = YES;
				GCC_WARN_UNUSED_FUNCTION = YES;
				GCC_WARN_UNUSED_VARIABLE = YES;
				IPHONEOS_DEPLOYMENT_TARGET = 15.0;
				OTHER_CFLAGS = "-DNS_BLOCK_ASSERTIONS=1";
				SDKROOT = iphoneos;
				VALIDATE_PRODUCT = YES;
			};
			name = Release;
		};
		70C2EB5B1475EF4F00751AE8 /* Debug */ = {
			isa = XCBuildConfiguration;
			buildSettings = {
				ASSETCATALOG_COMPILER_APPICON_NAME = AppIcon;
				CLANG_ENABLE_OBJC_ARC = YES;
				CODE_SIGN_STYLE = Automatic;
				FRAMEWORK_SEARCH_PATHS = (
					"$(inherited)",
					"$(PROJECT_DIR)",
				);
				GCC_PRECOMPILE_PREFIX_HEADER = YES;
				GCC_PREFIX_HEADER = "Tempra/Tempra-Prefix.pch";
				INFOPLIST_FILE = "$(SRCROOT)/Tempra/Tempra-Info.plist";
				IPHONEOS_DEPLOYMENT_TARGET = 15.0;
				PRODUCT_NAME = Tempra;
				PRODUCT_BUNDLE_IDENTIFIER = com.cwandt.BlindStopwatch;
				TARGETED_DEVICE_FAMILY = "1,2";
				WRAPPER_EXTENSION = app;
			};
			name = Debug;
		};
		70C2EB5C1475EF4F00751AE8 /* Release */ = {
			isa = XCBuildConfiguration;
			buildSettings = {
				ASSETCATALOG_COMPILER_APPICON_NAME = AppIcon;
				CLANG_ENABLE_OBJC_ARC = YES;
				CODE_SIGN_STYLE = Automatic;
				FRAMEWORK_SEARCH_PATHS = (
					"$(inherited)",
					"$(PROJECT_DIR)",
				);
				GCC_PRECOMPILE_PREFIX_HEADER = YES;
				GCC_PREFIX_HEADER = "Tempra/Tempra-Prefix.pch";
				INFOPLIST_FILE = "$(SRCROOT)/Tempra/Tempra-Info.plist";
				IPHONEOS_DEPLOYMENT_TARGET = 15.0;
				PRODUCT_NAME = Tempra;
				PRODUCT_BUNDLE_IDENTIFIER = com.cwandt.BlindStopwatch;
				TARGETED_DEVICE_FAMILY = "1,2";
				WRAPPER_EXTENSION = app;
			};
			name = Release;
		};
/* End XCBuildConfiguration section */

/* Begin XCConfigurationList section */
		70C2EB361475EF4F00751AE8 /* Build configuration list for PBXProject "Tempra" */ = {
			isa = XCConfigurationList;
			buildConfigurations = (
				70C2EB581475EF4F00751AE8 /* Debug */,
				70C2EB591475EF4F00751AE8 /* Release */,
			);
			defaultConfigurationIsVisible = 0;
			defaultConfigurationName = Release;
		};
		70C2EB5A1475EF4F00751AE8 /* Build configuration list for PBXNativeTarget "Tempra" */ = {
			isa = XCConfigurationList;
			buildConfigurations = (
				70C2EB5B1475EF4F00751AE8 /* Debug */,
				70C2EB5C1475EF4F00751AE8 /* Release */,
			);
			defaultConfigurationIsVisible = 0;
			defaultConfigurationName = Release;
		};
/* End XCConfigurationList section */
	};
	rootObject = 70C2EB331475EF4F00751AE8 /* Project object */;
}
